
Microsoft Visual Studio Solution File, Format Version 12.00
# Visual Studio Version 16
VisualStudioVersion = 16.0.31105.61
MinimumVisualStudioVersion = 10.0.40219.1
Project("{FAE04EC0-301F-11D3-BF4B-00C04F79EFBC}") = "OOP", "OOP\OOP.csproj", "{E051CFA2-3AFC-4CED-A813-B2C4779E3B07}"
EndProject
Project("{FAE04EC0-301F-11D3-BF4B-00C04F79EFBC}") = "LibraryUtil", "LibraryUtil\LibraryUtil.csproj", "{287C039F-5B14-4EE1-8540-7889CA577D2C}"
EndProject
Global
	GlobalSection(SolutionConfigurationPlatforms) = preSolution
		Debug|Any CPU = Debug|Any CPU
		Release|Any CPU = Release|Any CPU
	EndGlobalSection
	GlobalSection(ProjectConfigurationPlatforms) = postSolution
		{E051CFA2-3AFC-4CED-A813-B2C4779E3B07}.Debug|Any CPU.ActiveCfg = Debug|Any CPU
		{E051CFA2-3AFC-4CED-A813-B2C4779E3B07}.Debug|Any CPU.Build.0 = Debug|Any CPU
		{E051CFA2-3AFC-4CED-A813-B2C4779E3B07}.Release|Any CPU.ActiveCfg = Release|Any CPU
		{E051CFA2-3AFC-4CED-A813-B2C4779E3B07}.Release|Any CPU.Build.0 = Release|Any CPU
		{287C039F-5B14-4EE1-8540-7889CA577D2C}.Debug|Any CPU.ActiveCfg = Debug|Any CPU
		{287C039F-5B14-4EE1-8540-7889CA577D2C}.Debug|Any CPU.Build.0 = Debug|Any CPU
		{287C039F-5B14-4EE1-8540-7889CA577D2C}.Release|Any CPU.ActiveCfg = Release|Any CPU
		{287C039F-5B14-4EE1-8540-7889CA577D2C}.Release|Any CPU.Build.0 = Release|Any CPU
	EndGlobalSection
	GlobalSection(SolutionProperties) = preSolution
		HideSolutionNode = FALSE
	EndGlobalSection
	GlobalSection(ExtensibilityGlobals) = postSolution
		SolutionGuid = {B749CFA0-A074-4C00-8E3B-58D2C379B35A}
	EndGlobalSection
EndGlobal
